
Microsoft Visual Studio Solution File, Format Version 12.00
# Visual Studio 14
VisualStudioVersion = 14.0.25420.1
MinimumVisualStudioVersion = 10.0.40219.1
Project("{FAE04EC0-301F-11D3-BF4B-00C04F79EFBC}") = "Trabajo Practico N 3", "Trabajo Practico N 3\Trabajo Practico N 3.csproj", "{E02691CC-5173-4C65-AB31-BA0D006C2BBA}"
EndProject
Project("{FAE04EC0-301F-11D3-BF4B-00C04F79EFBC}") = "Ejercicio 01", "Ejercicio 1\Ejercicio 01.csproj", "{936F8ED5-00BC-4229-8ADB-CFF13ADDF424}"
EndProject
Project("{FAE04EC0-301F-11D3-BF4B-00C04F79EFBC}") = "Ejercicio 02", "Ejercicio 2\Ejercicio 02.csproj", "{301923BC-80B5-4522-A8A3-C651933A07B3}"
EndProject
Project("{FAE04EC0-301F-11D3-BF4B-00C04F79EFBC}") = "Ejercicio 03", "Ejercicio 3\Ejercicio 03.csproj", "{D0D98947-CDF6-4B5F-BD1D-DA6984D53F3A}"
EndProject
Project("{FAE04EC0-301F-11D3-BF4B-00C04F79EFBC}") = "Ejercicio 04", "Ejercicio 4\Ejercicio 04.csproj", "{A99470ED-CDCD-4C79-BF7E-E6FCAB2CDEAC}"
EndProject
Project("{FAE04EC0-301F-11D3-BF4B-00C04F79EFBC}") = "Ejercicio 05", "Ejercicio 5\Ejercicio 05.csproj", "{E6F55D4F-377B-416A-925A-51C28116540B}"
EndProject
Project("{FAE04EC0-301F-11D3-BF4B-00C04F79EFBC}") = "Ejercicio 06", "Ejercicio 6\Ejercicio 06.csproj", "{93A8FE10-A2D3-4858-9507-49C6D14F5E1D}"
EndProject
Project("{FAE04EC0-301F-11D3-BF4B-00C04F79EFBC}") = "Ejercicio 07", "Ejercicio 7\Ejercicio 07.csproj", "{2E7A8335-BF4B-42BB-93D0-043DAED6CDA2}"
EndProject
Project("{FAE04EC0-301F-11D3-BF4B-00C04F79EFBC}") = "Ejercicio 08", "Ejercicio 8\Ejercicio 08.csproj", "{00D6AD59-6FA1-4AA8-B750-914E7D94D7C2}"
EndProject
Project("{FAE04EC0-301F-11D3-BF4B-00C04F79EFBC}") = "Ejercicio 09", "Ejercicio 9\Ejercicio 09.csproj", "{5E1DE980-B4AF-4FC8-A3F7-A44E469436B3}"
EndProject
Project("{FAE04EC0-301F-11D3-BF4B-00C04F79EFBC}") = "Ejercicio 10", "Ejercicio 10\Ejercicio 10.csproj", "{0DD7DF68-EBEE-444A-85AA-85ECE222FE3F}"
EndProject
Project("{FAE04EC0-301F-11D3-BF4B-00C04F79EFBC}") = "Ejercicio 11", "Ejercicio 11\Ejercicio 11.csproj", "{C5A8E42C-288B-4F3E-B4A4-DC3869F34065}"
EndProject
Global
	GlobalSection(SolutionConfigurationPlatforms) = preSolution
		Debug|Any CPU = Debug|Any CPU
		Release|Any CPU = Release|Any CPU
	EndGlobalSection
	GlobalSection(ProjectConfigurationPlatforms) = postSolution
		{E02691CC-5173-4C65-AB31-BA0D006C2BBA}.Debug|Any CPU.ActiveCfg = Debug|Any CPU
		{E02691CC-5173-4C65-AB31-BA0D006C2BBA}.Debug|Any CPU.Build.0 = Debug|Any CPU
		{E02691CC-5173-4C65-AB31-BA0D006C2BBA}.Release|Any CPU.ActiveCfg = Release|Any CPU
		{E02691CC-5173-4C65-AB31-BA0D006C2BBA}.Release|Any CPU.Build.0 = Release|Any CPU
		{936F8ED5-00BC-4229-8ADB-CFF13ADDF424}.Debug|Any CPU.ActiveCfg = Debug|Any CPU
		{936F8ED5-00BC-4229-8ADB-CFF13ADDF424}.Debug|Any CPU.Build.0 = Debug|Any CPU
		{936F8ED5-00BC-4229-8ADB-CFF13ADDF424}.Release|Any CPU.ActiveCfg = Release|Any CPU
		{936F8ED5-00BC-4229-8ADB-CFF13ADDF424}.Release|Any CPU.Build.0 = Release|Any CPU
		{301923BC-80B5-4522-A8A3-C651933A07B3}.Debug|Any CPU.ActiveCfg = Debug|Any CPU
		{301923BC-80B5-4522-A8A3-C651933A07B3}.Debug|Any CPU.Build.0 = Debug|Any CPU
		{301923BC-80B5-4522-A8A3-C651933A07B3}.Release|Any CPU.ActiveCfg = Release|Any CPU
		{301923BC-80B5-4522-A8A3-C651933A07B3}.Release|Any CPU.Build.0 = Release|Any CPU
		{D0D98947-CDF6-4B5F-BD1D-DA6984D53F3A}.Debug|Any CPU.ActiveCfg = Debug|Any CPU
		{D0D98947-CDF6-4B5F-BD1D-DA6984D53F3A}.Debug|Any CPU.Build.0 = Debug|Any CPU
		{D0D98947-CDF6-4B5F-BD1D-DA6984D53F3A}.Release|Any CPU.ActiveCfg = Release|Any CPU
		{D0D98947-CDF6-4B5F-BD1D-DA6984D53F3A}.Release|Any CPU.Build.0 = Release|Any CPU
		{A99470ED-CDCD-4C79-BF7E-E6FCAB2CDEAC}.Debug|Any CPU.ActiveCfg = Debug|Any CPU
		{A99470ED-CDCD-4C79-BF7E-E6FCAB2CDEAC}.Debug|Any CPU.Build.0 = Debug|Any CPU
		{A99470ED-CDCD-4C79-BF7E-E6FCAB2CDEAC}.Release|Any CPU.ActiveCfg = Release|Any CPU
		{A99470ED-CDCD-4C79-BF7E-E6FCAB2CDEAC}.Release|Any CPU.Build.0 = Release|Any CPU
		{E6F55D4F-377B-416A-925A-51C28116540B}.Debug|Any CPU.ActiveCfg = Debug|Any CPU
		{E6F55D4F-377B-416A-925A-51C28116540B}.Debug|Any CPU.Build.0 = Debug|Any CPU
		{E6F55D4F-377B-416A-925A-51C28116540B}.Release|Any CPU.ActiveCfg = Release|Any CPU
		{E6F55D4F-377B-416A-925A-51C28116540B}.Release|Any CPU.Build.0 = Release|Any CPU
		{93A8FE10-A2D3-4858-9507-49C6D14F5E1D}.Debug|Any CPU.ActiveCfg = Debug|Any CPU
		{93A8FE10-A2D3-4858-9507-49C6D14F5E1D}.Debug|Any CPU.Build.0 = Debug|Any CPU
		{93A8FE10-A2D3-4858-9507-49C6D14F5E1D}.Release|Any CPU.ActiveCfg = Release|Any CPU
		{93A8FE10-A2D3-4858-9507-49C6D14F5E1D}.Release|Any CPU.Build.0 = Release|Any CPU
		{2E7A8335-BF4B-42BB-93D0-043DAED6CDA2}.Debug|Any CPU.ActiveCfg = Debug|Any CPU
		{2E7A8335-BF4B-42BB-93D0-043DAED6CDA2}.Debug|Any CPU.Build.0 = Debug|Any CPU
		{2E7A8335-BF4B-42BB-93D0-043DAED6CDA2}.Release|Any CPU.ActiveCfg = Release|Any CPU
		{2E7A8335-BF4B-42BB-93D0-043DAED6CDA2}.Release|Any CPU.Build.0 = Release|Any CPU
		{00D6AD59-6FA1-4AA8-B750-914E7D94D7C2}.Debug|Any CPU.ActiveCfg = Debug|Any CPU
		{00D6AD59-6FA1-4AA8-B750-914E7D94D7C2}.Debug|Any CPU.Build.0 = Debug|Any CPU
		{00D6AD59-6FA1-4AA8-B750-914E7D94D7C2}.Release|Any CPU.ActiveCfg = Release|Any CPU
		{00D6AD59-6FA1-4AA8-B750-914E7D94D7C2}.Release|Any CPU.Build.0 = Release|Any CPU
		{5E1DE980-B4AF-4FC8-A3F7-A44E469436B3}.Debug|Any CPU.ActiveCfg = Debug|Any CPU
		{5E1DE980-B4AF-4FC8-A3F7-A44E469436B3}.Debug|Any CPU.Build.0 = Debug|Any CPU
		{5E1DE980-B4AF-4FC8-A3F7-A44E469436B3}.Release|Any CPU.ActiveCfg = Release|Any CPU
		{5E1DE980-B4AF-4FC8-A3F7-A44E469436B3}.Release|Any CPU.Build.0 = Release|Any CPU
		{0DD7DF68-EBEE-444A-85AA-85ECE222FE3F}.Debug|Any CPU.ActiveCfg = Debug|Any CPU
		{0DD7DF68-EBEE-444A-85AA-85ECE222FE3F}.Debug|Any CPU.Build.0 = Debug|Any CPU
		{0DD7DF68-EBEE-444A-85AA-85ECE222FE3F}.Release|Any CPU.ActiveCfg = Release|Any CPU
		{0DD7DF68-EBEE-444A-85AA-85ECE222FE3F}.Release|Any CPU.Build.0 = Release|Any CPU
		{C5A8E42C-288B-4F3E-B4A4-DC3869F34065}.Debug|Any CPU.ActiveCfg = Debug|Any CPU
		{C5A8E42C-288B-4F3E-B4A4-DC3869F34065}.Debug|Any CPU.Build.0 = Debug|Any CPU
		{C5A8E42C-288B-4F3E-B4A4-DC3869F34065}.Release|Any CPU.ActiveCfg = Release|Any CPU
		{C5A8E42C-288B-4F3E-B4A4-DC3869F34065}.Release|Any CPU.Build.0 = Release|Any CPU
	EndGlobalSection
	GlobalSection(SolutionProperties) = preSolution
		HideSolutionNode = FALSE
	EndGlobalSection
EndGlobal
